
Microsoft Visual Studio Solution File, Format Version 12.00
# Visual Studio 2013
VisualStudioVersion = 12.0.21005.1
MinimumVisualStudioVersion = 10.0.40219.1
Project("{9A19103F-16F7-4668-BE54-9A1E7A4F7556}") = "OpenProfiler.Bootstrapper", "OpenProfiler.Bootstrapper\OpenProfiler.Bootstrapper.csproj", "{CD39AD54-03C4-45DA-8925-FAF34F7FCF0A}"
EndProject
Project("{9A19103F-16F7-4668-BE54-9A1E7A4F7556}") = "OpenProfiler.WPF", "OpenProfiler.WPF\OpenProfiler.WPF.csproj", "{3D67A31D-C5F2-4121-9440-928D1CEF1031}"
EndProject
Project("{2150E333-8FDC-42A3-9474-1A3956D46DE8}") = "Solution Items", "Solution Items", "{E2F67805-310F-429B-8700-70DA8374446F}"
	ProjectSection(SolutionItems) = preProject
		.gitignore = .gitignore
		LICENSE.md = LICENSE.md
		README.md = README.md
		Settings.StyleCop = Settings.StyleCop
	EndProjectSection
EndProject
Global
	GlobalSection(SolutionConfigurationPlatforms) = preSolution
		Debug|Any CPU = Debug|Any CPU
		Release|Any CPU = Release|Any CPU
	EndGlobalSection
	GlobalSection(ProjectConfigurationPlatforms) = postSolution
		{CD39AD54-03C4-45DA-8925-FAF34F7FCF0A}.Debug|Any CPU.ActiveCfg = Debug|Any CPU
		{CD39AD54-03C4-45DA-8925-FAF34F7FCF0A}.Debug|Any CPU.Build.0 = Debug|Any CPU
		{CD39AD54-03C4-45DA-8925-FAF34F7FCF0A}.Release|Any CPU.ActiveCfg = Release|Any CPU
		{CD39AD54-03C4-45DA-8925-FAF34F7FCF0A}.Release|Any CPU.Build.0 = Release|Any CPU
		{3D67A31D-C5F2-4121-9440-928D1CEF1031}.Debug|Any CPU.ActiveCfg = Debug|Any CPU
		{3D67A31D-C5F2-4121-9440-928D1CEF1031}.Debug|Any CPU.Build.0 = Debug|Any CPU
		{3D67A31D-C5F2-4121-9440-928D1CEF1031}.Release|Any CPU.ActiveCfg = Release|Any CPU
		{3D67A31D-C5F2-4121-9440-928D1CEF1031}.Release|Any CPU.Build.0 = Release|Any CPU
	EndGlobalSection
	GlobalSection(SolutionProperties) = preSolution
		HideSolutionNode = FALSE
	EndGlobalSection
EndGlobal
